// !$*UTF8*$!
{
	archiveVersion = 1;
	classes = {
	};
	objectVersion = 46;
	objects = {

/* Begin PBXBuildFile section */
		1F2FF25E1E9F299000A13CF8 /* AVFoundation.framework in Frameworks */ = {isa = PBXBuildFile; fileRef = 1F2FF25D1E9F299000A13CF8 /* AVFoundation.framework */; };
		1F4B64AF1E9E02B70078D738 /* main.m in Sources */ = {isa = PBXBuildFile; fileRef = 1F4B64AE1E9E02B70078D738 /* main.m */; };
		1F4B64B21E9E02B70078D738 /* AppDelegate.m in Sources */ = {isa = PBXBuildFile; fileRef = 1F4B64B11E9E02B70078D738 /* AppDelegate.m */; };
		1F4B64B51E9E02B70078D738 /* ViewController.m in Sources */ = {isa = PBXBuildFile; fileRef = 1F4B64B41E9E02B70078D738 /* ViewController.m */; };
		1F4B64B81E9E02B80078D738 /* Main.storyboard in Resources */ = {isa = PBXBuildFile; fileRef = 1F4B64B61E9E02B80078D738 /* Main.storyboard */; };
		1F4B64BA1E9E02B80078D738 /* Assets.xcassets in Resources */ = {isa = PBXBuildFile; fileRef = 1F4B64B91E9E02B80078D738 /* Assets.xcassets */; };
		1F4B64BD1E9E02B80078D738 /* LaunchScreen.storyboard in Resources */ = {isa = PBXBuildFile; fileRef = 1F4B64BB1E9E02B80078D738 /* LaunchScreen.storyboard */; };
		1F4B64C81E9E02B80078D738 /* testToSpeechTests.m in Sources */ = {isa = PBXBuildFile; fileRef = 1F4B64C71E9E02B80078D738 /* testToSpeechTests.m */; };
		1F4B64D31E9E02B80078D738 /* testToSpeechUITests.m in Sources */ = {isa = PBXBuildFile; fileRef = 1F4B64D21E9E02B80078D738 /* testToSpeechUITests.m */; };
		1F4B64E21E9E15FF0078D738 /* CALayer+colorChange.m in Sources */ = {isa = PBXBuildFile; fileRef = 1F4B64E11E9E15FF0078D738 /* CALayer+colorChange.m */; };
/* End PBXBuildFile section */

/* Begin PBXContainerItemProxy section */
		1F4B64C41E9E02B80078D738 /* PBXContainerItemProxy */ = {
			isa = PBXContainerItemProxy;
			containerPortal = 1F4B64A21E9E02B70078D738 /* Project object */;
			proxyType = 1;
			remoteGlobalIDString = 1F4B64A91E9E02B70078D738;
			remoteInfo = testToSpeech;
		};
		1F4B64CF1E9E02B80078D738 /* PBXContainerItemProxy */ = {
			isa = PBXContainerItemProxy;
			containerPortal = 1F4B64A21E9E02B70078D738 /* Project object */;
			proxyType = 1;
			remoteGlobalIDString = 1F4B64A91E9E02B70078D738;
			remoteInfo = testToSpeech;
		};
/* End PBXContainerItemProxy section */

/* Begin PBXFileReference section */
		1F2FF25D1E9F299000A13CF8 /* AVFoundation.framework */ = {isa = PBXFileReference; lastKnownFileType = wrapper.framework; name = AVFoundation.framework; path = System/Library/Frameworks/AVFoundation.framework; sourceTree = SDKROOT; };
		1F4B64AA1E9E02B70078D738 /* testToSpeech.app */ = {isa = PBXFileReference; explicitFileType = wrapper.application; includeInIndex = 0; path = testToSpeech.app; sourceTree = BUILT_PRODUCTS_DIR; };
		1F4B64AE1E9E02B70078D738 /* main.m */ = {isa = PBXFileReference; lastKnownFileType = sourcecode.c.objc; path = main.m; sourceTree = "<group>"; };
		1F4B64B01E9E02B70078D738 /* AppDelegate.h */ = {isa = PBXFileReference; lastKnownFileType = sourcecode.c.h; path = AppDelegate.h; sourceTree = "<group>"; };
		1F4B64B11E9E02B70078D738 /* AppDelegate.m */ = {isa = PBXFileReference; lastKnownFileType = sourcecode.c.objc; path = AppDelegate.m; sourceTree = "<group>"; };
		1F4B64B31E9E02B70078D738 /* ViewController.h */ = {isa = PBXFileReference; lastKnownFileType = sourcecode.c.h; path = ViewController.h; sourceTree = "<group>"; };
		1F4B64B41E9E02B70078D738 /* ViewController.m */ = {isa = PBXFileReference; lastKnownFileType = sourcecode.c.objc; path = ViewController.m; sourceTree = "<group>"; };
		1F4B64B71E9E02B80078D738 /* Base */ = {isa = PBXFileReference; lastKnownFileType = file.storyboard; name = Base; path = Base.lproj/Main.storyboard; sourceTree = "<group>"; };
		1F4B64B91E9E02B80078D738 /* Assets.xcassets */ = {isa = PBXFileReference; lastKnownFileType = folder.assetcatalog; path = Assets.xcassets; sourceTree = "<group>"; };
		1F4B64BC1E9E02B80078D738 /* Base */ = {isa = PBXFileReference; lastKnownFileType = file.storyboard; name = Base; path = Base.lproj/LaunchScreen.storyboard; sourceTree = "<group>"; };
		1F4B64BE1E9E02B80078D738 /* Info.plist */ = {isa = PBXFileReference; lastKnownFileType = text.plist.xml; path = Info.plist; sourceTree = "<group>"; };
		1F4B64C31E9E02B80078D738 /* testToSpeechTests.xctest */ = {isa = PBXFileReference; explicitFileType = wrapper.cfbundle; includeInIndex = 0; path = testToSpeechTests.xctest; sourceTree = BUILT_PRODUCTS_DIR; };
		1F4B64C71E9E02B80078D738 /* testToSpeechTests.m */ = {isa = PBXFileReference; lastKnownFileType = sourcecode.c.objc; path = testToSpeechTests.m; sourceTree = "<group>"; };
		1F4B64C91E9E02B80078D738 /* Info.plist */ = {isa = PBXFileReference; lastKnownFileType = text.plist.xml; path = Info.plist; sourceTree = "<group>"; };
		1F4B64CE1E9E02B80078D738 /* testToSpeechUITests.xctest */ = {isa = PBXFileReference; explicitFileType = wrapper.cfbundle; includeInIndex = 0; path = testToSpeechUITests.xctest; sourceTree = BUILT_PRODUCTS_DIR; };
		1F4B64D21E9E02B80078D738 /* testToSpeechUITests.m */ = {isa = PBXFileReference; lastKnownFileType = sourcecode.c.objc; path = testToSpeechUITests.m; sourceTree = "<group>"; };
		1F4B64D41E9E02B80078D738 /* Info.plist */ = {isa = PBXFileReference; lastKnownFileType = text.plist.xml; path = Info.plist; sourceTree = "<group>"; };
		1F4B64E01E9E15FF0078D738 /* CALayer+colorChange.h */ = {isa = PBXFileReference; fileEncoding = 4; lastKnownFileType = sourcecode.c.h; path = "CALayer+colorChange.h"; sourceTree = "<group>"; };
		1F4B64E11E9E15FF0078D738 /* CALayer+colorChange.m */ = {isa = PBXFileReference; fileEncoding = 4; lastKnownFileType = sourcecode.c.objc; path = "CALayer+colorChange.m"; sourceTree = "<group>"; };
/* End PBXFileReference section */

/* Begin PBXFrameworksBuildPhase section */
		1F4B64A71E9E02B70078D738 /* Frameworks */ = {
			isa = PBXFrameworksBuildPhase;
			buildActionMask = 2147483647;
			files = (
				1F2FF25E1E9F299000A13CF8 /* AVFoundation.framework in Frameworks */,
			);
			runOnlyForDeploymentPostprocessing = 0;
		};
		1F4B64C01E9E02B80078D738 /* Frameworks */ = {
			isa = PBXFrameworksBuildPhase;
			buildActionMask = 2147483647;
			files = (
			);
			runOnlyForDeploymentPostprocessing = 0;
		};
		1F4B64CB1E9E02B80078D738 /* Frameworks */ = {
			isa = PBXFrameworksBuildPhase;
			buildActionMask = 2147483647;
			files = (
			);
			runOnlyForDeploymentPostprocessing = 0;
		};
/* End PBXFrameworksBuildPhase section */

/* Begin PBXGroup section */
		1F2FF25C1E9F299000A13CF8 /* Frameworks */ = {
			isa = PBXGroup;
			children = (
				1F2FF25D1E9F299000A13CF8 /* AVFoundation.framework */,
			);
			name = Frameworks;
			sourceTree = "<group>";
		};
		1F4B64A11E9E02B70078D738 = {
			isa = PBXGroup;
			children = (
				1F4B64AC1E9E02B70078D738 /* testToSpeech */,
				1F4B64C61E9E02B80078D738 /* testToSpeechTests */,
				1F4B64D11E9E02B80078D738 /* testToSpeechUITests */,
				1F4B64AB1E9E02B70078D738 /* Products */,
				1F2FF25C1E9F299000A13CF8 /* Frameworks */,
			);
			sourceTree = "<group>";
		};
		1F4B64AB1E9E02B70078D738 /* Products */ = {
			isa = PBXGroup;
			children = (
				1F4B64AA1E9E02B70078D738 /* testToSpeech.app */,
				1F4B64C31E9E02B80078D738 /* testToSpeechTests.xctest */,
				1F4B64CE1E9E02B80078D738 /* testToSpeechUITests.xctest */,
			);
			name = Products;
			sourceTree = "<group>";
		};
		1F4B64AC1E9E02B70078D738 /* testToSpeech */ = {
			isa = PBXGroup;
			children = (
				1F4B64B01E9E02B70078D738 /* AppDelegate.h */,
				1F4B64B11E9E02B70078D738 /* AppDelegate.m */,
				1F4B64B31E9E02B70078D738 /* ViewController.h */,
				1F4B64B41E9E02B70078D738 /* ViewController.m */,
				1F4B64B61E9E02B80078D738 /* Main.storyboard */,
				1F4B64E01E9E15FF0078D738 /* CALayer+colorChange.h */,
				1F4B64E11E9E15FF0078D738 /* CALayer+colorChange.m */,
				1F4B64B91E9E02B80078D738 /* Assets.xcassets */,
				1F4B64BB1E9E02B80078D738 /* LaunchScreen.storyboard */,
				1F4B64BE1E9E02B80078D738 /* Info.plist */,
				1F4B64AD1E9E02B70078D738 /* Supporting Files */,
			);
			path = testToSpeech;
			sourceTree = "<group>";
		};
		1F4B64AD1E9E02B70078D738 /* Supporting Files */ = {
			isa = PBXGroup;
			children = (
				1F4B64AE1E9E02B70078D738 /* main.m */,
			);
			name = "Supporting Files";
			sourceTree = "<group>";
		};
		1F4B64C61E9E02B80078D738 /* testToSpeechTests */ = {
			isa = PBXGroup;
			children = (
				1F4B64C71E9E02B80078D738 /* testToSpeechTests.m */,
				1F4B64C91E9E02B80078D738 /* Info.plist */,
			);
			path = testToSpeechTests;
			sourceTree = "<group>";
		};
		1F4B64D11E9E02B80078D738 /* testToSpeechUITests */ = {
			isa = PBXGroup;
			children = (
				1F4B64D21E9E02B80078D738 /* testToSpeechUITests.m */,
				1F4B64D41E9E02B80078D738 /* Info.plist */,
			);
			path = testToSpeechUITests;
			sourceTree = "<group>";
		};
/* End PBXGroup section */

/* Begin PBXNativeTarget section */
		1F4B64A91E9E02B70078D738 /* testToSpeech */ = {
			isa = PBXNativeTarget;
			buildConfigurationList = 1F4B64D71E9E02B80078D738 /* Build configuration list for PBXNativeTarget "testToSpeech" */;
			buildPhases = (
				1F4B64A61E9E02B70078D738 /* Sources */,
				1F4B64A71E9E02B70078D738 /* Frameworks */,
				1F4B64A81E9E02B70078D738 /* Resources */,
			);
			buildRules = (
			);
			dependencies = (
			);
			name = testToSpeech;
			productName = testToSpeech;
			productReference = 1F4B64AA1E9E02B70078D738 /* testToSpeech.app */;
			productType = "com.apple.product-type.application";
		};
		1F4B64C21E9E02B80078D738 /* testToSpeechTests */ = {
			isa = PBXNativeTarget;
			buildConfigurationList = 1F4B64DA1E9E02B80078D738 /* Build configuration list for PBXNativeTarget "testToSpeechTests" */;
			buildPhases = (
				1F4B64BF1E9E02B80078D738 /* Sources */,
				1F4B64C01E9E02B80078D738 /* Frameworks */,
				1F4B64C11E9E02B80078D738 /* Resources */,
			);
			buildRules = (
			);
			dependencies = (
				1F4B64C51E9E02B80078D738 /* PBXTargetDependency */,
			);
			name = testToSpeechTests;
			productName = testToSpeechTests;
			productReference = 1F4B64C31E9E02B80078D738 /* testToSpeechTests.xctest */;
			productType = "com.apple.product-type.bundle.unit-test";
		};
		1F4B64CD1E9E02B80078D738 /* testToSpeechUITests */ = {
			isa = PBXNativeTarget;
			buildConfigurationList = 1F4B64DD1E9E02B80078D738 /* Build configuration list for PBXNativeTarget "testToSpeechUITests" */;
			buildPhases = (
				1F4B64CA1E9E02B80078D738 /* Sources */,
				1F4B64CB1E9E02B80078D738 /* Frameworks */,
				1F4B64CC1E9E02B80078D738 /* Resources */,
			);
			buildRules = (
			);
			dependencies = (
				1F4B64D01E9E02B80078D738 /* PBXTargetDependency */,
			);
			name = testToSpeechUITests;
			productName = testToSpeechUITests;
			productReference = 1F4B64CE1E9E02B80078D738 /* testToSpeechUITests.xctest */;
			productType = "com.apple.product-type.bundle.ui-testing";
		};
/* End PBXNativeTarget section */

/* Begin PBXProject section */
		1F4B64A21E9E02B70078D738 /* Project object */ = {
			isa = PBXProject;
			attributes = {
				LastUpgradeCheck = 0820;
				ORGANIZATIONNAME = Jeff;
				TargetAttributes = {
					1F4B64A91E9E02B70078D738 = {
						CreatedOnToolsVersion = 8.2.1;
						DevelopmentTeam = T65EE75V48;
						ProvisioningStyle = Automatic;
					};
					1F4B64C21E9E02B80078D738 = {
						CreatedOnToolsVersion = 8.2.1;
						DevelopmentTeam = T65EE75V48;
						ProvisioningStyle = Automatic;
						TestTargetID = 1F4B64A91E9E02B70078D738;
					};
					1F4B64CD1E9E02B80078D738 = {
						CreatedOnToolsVersion = 8.2.1;
						DevelopmentTeam = T65EE75V48;
						ProvisioningStyle = Automatic;
						TestTargetID = 1F4B64A91E9E02B70078D738;
					};
				};
			};
			buildConfigurationList = 1F4B64A51E9E02B70078D738 /* Build configuration list for PBXProject "testToSpeech" */;
			compatibilityVersion = "Xcode 3.2";
			developmentRegion = English;
			hasScannedForEncodings = 0;
			knownRegions = (
				en,
				Base,
			);
			mainGroup = 1F4B64A11E9E02B70078D738;
			productRefGroup = 1F4B64AB1E9E02B70078D738 /* Products */;
			projectDirPath = "";
			projectRoot = "";
			targets = (
				1F4B64A91E9E02B70078D738 /* testToSpeech */,
				1F4B64C21E9E02B80078D738 /* testToSpeechTests */,
				1F4B64CD1E9E02B80078D738 /* testToSpeechUITests */,
			);
		};
/* End PBXProject section */

/* Begin PBXResourcesBuildPhase section */
		1F4B64A81E9E02B70078D738 /* Resources */ = {
			isa = PBXResourcesBuildPhase;
			buildActionMask = 2147483647;
			files = (
				1F4B64BD1E9E02B80078D738 /* LaunchScreen.storyboard in Resources */,
				1F4B64BA1E9E02B80078D738 /* Assets.xcassets in Resources */,
				1F4B64B81E9E02B80078D738 /* Main.storyboard in Resources */,
			);
			runOnlyForDeploymentPostprocessing = 0;
		};
		1F4B64C11E9E02B80078D738 /* Resources */ = {
			isa = PBXResourcesBuildPhase;
			buildActionMask = 2147483647;
			files = (
			);
			runOnlyForDeploymentPostprocessing = 0;
		};
		1F4B64CC1E9E02B80078D738 /* Resources */ = {
			isa = PBXResourcesBuildPhase;
			buildActionMask = 2147483647;
			files = (
			);
			runOnlyForDeploymentPostprocessing = 0;
		};
/* End PBXResourcesBuildPhase section */

/* Begin PBXSourcesBuildPhase section */
		1F4B64A61E9E02B70078D738 /* Sources */ = {
			isa = PBXSourcesBuildPhase;
			buildActionMask = 2147483647;
			files = (
				1F4B64B51E9E02B70078D738 /* ViewController.m in Sources */,
				1F4B64E21E9E15FF0078D738 /* CALayer+colorChange.m in Sources */,
				1F4B64B21E9E02B70078D738 /* AppDelegate.m in Sources */,
				1F4B64AF1E9E02B70078D738 /* main.m in Sources */,
			);
			runOnlyForDeploymentPostprocessing = 0;
		};
		1F4B64BF1E9E02B80078D738 /* Sources */ = {
			isa = PBXSourcesBuildPhase;
			buildActionMask = 2147483647;
			files = (
				1F4B64C81E9E02B80078D738 /* testToSpeechTests.m in Sources */,
			);
			runOnlyForDeploymentPostprocessing = 0;
		};
		1F4B64CA1E9E02B80078D738 /* Sources */ = {
			isa = PBXSourcesBuildPhase;
			buildActionMask = 2147483647;
			files = (
				1F4B64D31E9E02B80078D738 /* testToSpeechUITests.m in Sources */,
			);
			runOnlyForDeploymentPostprocessing = 0;
		};
/* End PBXSourcesBuildPhase section */

/* Begin PBXTargetDependency section */
		1F4B64C51E9E02B80078D738 /* PBXTargetDependency */ = {
			isa = PBXTargetDependency;
			target = 1F4B64A91E9E02B70078D738 /* testToSpeech */;
			targetProxy = 1F4B64C41E9E02B80078D738 /* PBXContainerItemProxy */;
		};
		1F4B64D01E9E02B80078D738 /* PBXTargetDependency */ = {
			isa = PBXTargetDependency;
			target = 1F4B64A91E9E02B70078D738 /* testToSpeech */;
			targetProxy = 1F4B64CF1E9E02B80078D738 /* PBXContainerItemProxy */;
		};
/* End PBXTargetDependency section */

/* Begin PBXVariantGroup section */
		1F4B64B61E9E02B80078D738 /* Main.storyboard */ = {
			isa = PBXVariantGroup;
			children = (
				1F4B64B71E9E02B80078D738 /* Base */,
			);
			name = Main.storyboard;
			sourceTree = "<group>";
		};
		1F4B64BB1E9E02B80078D738 /* LaunchScreen.storyboard */ = {
			isa = PBXVariantGroup;
			children = (
				1F4B64BC1E9E02B80078D738 /* Base */,
			);
			name = LaunchScreen.storyboard;
			sourceTree = "<group>";
		};
/* End PBXVariantGroup section */

/* Begin XCBuildConfiguration section */
		1F4B64D51E9E02B80078D738 /* Debug */ = {
			isa = XCBuildConfiguration;
			buildSettings = {
				ALWAYS_SEARCH_USER_PATHS = NO;
				CLANG_ANALYZER_NONNULL = YES;
				CLANG_CXX_LANGUAGE_STANDARD = "gnu++0x";
				CLANG_CXX_LIBRARY = "libc++";
				CLANG_ENABLE_MODULES = YES;
				CLANG_ENABLE_OBJC_ARC = YES;
				CLANG_WARN_BOOL_CONVERSION = YES;
				CLANG_WARN_CONSTANT_CONVERSION = YES;
				CLANG_WARN_DIRECT_OBJC_ISA_USAGE = YES_ERROR;
				CLANG_WARN_DOCUMENTATION_COMMENTS = YES;
				CLANG_WARN_EMPTY_BODY = YES;
				CLANG_WARN_ENUM_CONVERSION = YES;
				CLANG_WARN_INFINITE_RECURSION = YES;
				CLANG_WARN_INT_CONVERSION = YES;
				CLANG_WARN_OBJC_ROOT_CLASS = YES_ERROR;
				CLANG_WARN_SUSPICIOUS_MOVE = YES;
				CLANG_WARN_UNREACHABLE_CODE = YES;
				CLANG_WARN__DUPLICATE_METHOD_MATCH = YES;
				"CODE_SIGN_IDENTITY[sdk=iphoneos*]" = "iPhone Developer";
				COPY_PHASE_STRIP = NO;
				DEBUG_INFORMATION_FORMAT = dwarf;
				ENABLE_STRICT_OBJC_MSGSEND = YES;
				ENABLE_TESTABILITY = YES;
				GCC_C_LANGUAGE_STANDARD = gnu99;
				GCC_DYNAMIC_NO_PIC = NO;
				GCC_NO_COMMON_BLOCKS = YES;
				GCC_OPTIMIZATION_LEVEL = 0;
				GCC_PREPROCESSOR_DEFINITIONS = (
					"DEBUG=1",
					"$(inherited)",
				);
				GCC_WARN_64_TO_32_BIT_CONVERSION = YES;
				GCC_WARN_ABOUT_RETURN_TYPE = YES_ERROR;
				GCC_WARN_UNDECLARED_SELECTOR = YES;
				GCC_WARN_UNINITIALIZED_AUTOS = YES_AGGRESSIVE;
				GCC_WARN_UNUSED_FUNCTION = YES;
				GCC_WARN_UNUSED_VARIABLE = YES;
				IPHONEOS_DEPLOYMENT_TARGET = 10.2;
				MTL_ENABLE_DEBUG_INFO = YES;
				ONLY_ACTIVE_ARCH = YES;
				SDKROOT = iphoneos;
			};
			name = Debug;
		};
		1F4B64D61E9E02B80078D738 /* Release */ = {
			isa = XCBuildConfiguration;
			buildSettings = {
				ALWAYS_SEARCH_USER_PATHS = NO;
				CLANG_ANALYZER_NONNULL = YES;
				CLANG_CXX_LANGUAGE_STANDARD = "gnu++0x";
				CLANG_CXX_LIBRARY = "libc++";
				CLANG_ENABLE_MODULES = YES;
				CLANG_ENABLE_OBJC_ARC = YES;
				CLANG_WARN_BOOL_CONVERSION = YES;
				CLANG_WARN_CONSTANT_CONVERSION = YES;
				CLANG_WARN_DIRECT_OBJC_ISA_USAGE = YES_ERROR;
				CLANG_WARN_DOCUMENTATION_COMMENTS = YES;
				CLANG_WARN_EMPTY_BODY = YES;
				CLANG_WARN_ENUM_CONVERSION = YES;
				CLANG_WARN_INFINITE_RECURSION = YES;
				CLANG_WARN_INT_CONVERSION = YES;
				CLANG_WARN_OBJC_ROOT_CLASS = YES_ERROR;
				CLANG_WARN_SUSPICIOUS_MOVE = YES;
				CLANG_WARN_UNREACHABLE_CODE = YES;
				CLANG_WARN__DUPLICATE_METHOD_MATCH = YES;
				"CODE_SIGN_IDENTITY[sdk=iphoneos*]" = "iPhone Developer";
				COPY_PHASE_STRIP = NO;
				DEBUG_INFORMATION_FORMAT = "dwarf-with-dsym";
				ENABLE_NS_ASSERTIONS = NO;
				ENABLE_STRICT_OBJC_MSGSEND = YES;
				GCC_C_LANGUAGE_STANDARD = gnu99;
				GCC_NO_COMMON_BLOCKS = YES;
				GCC_WARN_64_TO_32_BIT_CONVERSION = YES;
				GCC_WARN_ABOUT_RETURN_TYPE = YES_ERROR;
				GCC_WARN_UNDECLARED_SELECTOR = YES;
				GCC_WARN_UNINITIALIZED_AUTOS = YES_AGGRESSIVE;
				GCC_WARN_UNUSED_FUNCTION = YES;
				GCC_WARN_UNUSED_VARIABLE = YES;
				IPHONEOS_DEPLOYMENT_TARGET = 10.2;
				MTL_ENABLE_DEBUG_INFO = NO;
				SDKROOT = iphoneos;
				VALIDATE_PRODUCT = YES;
			};
			name = Release;
		};
		1F4B64D81E9E02B80078D738 /* Debug */ = {
			isa = XCBuildConfiguration;
			buildSettings = {
				ASSETCATALOG_COMPILER_APPICON_NAME = AppIcon;
				DEVELOPMENT_TEAM = T65EE75V48;
				INFOPLIST_FILE = testToSpeech/Info.plist;
				LD_RUNPATH_SEARCH_PATHS = "$(inherited) @executable_path/Frameworks";
				PRODUCT_BUNDLE_IDENTIFIER = aiju.testToSpeech;
				PRODUCT_NAME = "$(TARGET_NAME)";
			};
			name = Debug;
		};
		1F4B64D91E9E02B80078D738 /* Release */ = {
			isa = XCBuildConfiguration;
			buildSettings = {
				ASSETCATALOG_COMPILER_APPICON_NAME = AppIcon;
				DEVELOPMENT_TEAM = T65EE75V48;
				INFOPLIST_FILE = testToSpeech/Info.plist;
				LD_RUNPATH_SEARCH_PATHS = "$(inherited) @executable_path/Frameworks";
				PRODUCT_BUNDLE_IDENTIFIER = aiju.testToSpeech;
				PRODUCT_NAME = "$(TARGET_NAME)";
			};
			name = Release;
		};
		1F4B64DB1E9E02B80078D738 /* Debug */ = {
			isa = XCBuildConfiguration;
			buildSettings = {
				BUNDLE_LOADER = "$(TEST_HOST)";
				DEVELOPMENT_TEAM = T65EE75V48;
				INFOPLIST_FILE = testToSpeechTests/Info.plist;
				LD_RUNPATH_SEARCH_PATHS = "$(inherited) @executable_path/Frameworks @loader_path/Frameworks";
				PRODUCT_BUNDLE_IDENTIFIER = aiju.testToSpeechTests;
				PRODUCT_NAME = "$(TARGET_NAME)";
				TEST_HOST = "$(BUILT_PRODUCTS_DIR)/testToSpeech.app/testToSpeech";
			};
			name = Debug;
		};
		1F4B64DC1E9E02B80078D738 /* Release */ = {
			isa = XCBuildConfiguration;
			buildSettings = {
				BUNDLE_LOADER = "$(TEST_HOST)";
				DEVELOPMENT_TEAM = T65EE75V48;
				INFOPLIST_FILE = testToSpeechTests/Info.plist;
				LD_RUNPATH_SEARCH_PATHS = "$(inherited) @executable_path/Frameworks @loader_path/Frameworks";
				PRODUCT_BUNDLE_IDENTIFIER = aiju.testToSpeechTests;
				PRODUCT_NAME = "$(TARGET_NAME)";
				TEST_HOST = "$(BUILT_PRODUCTS_DIR)/testToSpeech.app/testToSpeech";
			};
			name = Release;
		};
		1F4B64DE1E9E02B80078D738 /* Debug */ = {
			isa = XCBuildConfiguration;
			buildSettings = {
				DEVELOPMENT_TEAM = T65EE75V48;
				INFOPLIST_FILE = testToSpeechUITests/Info.plist;
				LD_RUNPATH_SEARCH_PATHS = "$(inherited) @executable_path/Frameworks @loader_path/Frameworks";
				PRODUCT_BUNDLE_IDENTIFIER = aiju.testToSpeechUITests;
				PRODUCT_NAME = "$(TARGET_NAME)";
				TEST_TARGET_NAME = testToSpeech;
			};
			name = Debug;
		};
		1F4B64DF1E9E02B80078D738 /* Release */ = {
			isa = XCBuildConfiguration;
			buildSettings = {
				DEVELOPMENT_TEAM = T65EE75V48;
				INFOPLIST_FILE = testToSpeechUITests/Info.plist;
				LD_RUNPATH_SEARCH_PATHS = "$(inherited) @executable_path/Frameworks @loader_path/Frameworks";
				PRODUCT_BUNDLE_IDENTIFIER = aiju.testToSpeechUITests;
				PRODUCT_NAME = "$(TARGET_NAME)";
				TEST_TARGET_NAME = testToSpeech;
			};
			name = Release;
		};
/* End XCBuildConfiguration section */

/* Begin XCConfigurationList section */
		1F4B64A51E9E02B70078D738 /* Build configuration list for PBXProject "testToSpeech" */ = {
			isa = XCConfigurationList;
			buildConfigurations = (
				1F4B64D51E9E02B80078D738 /* Debug */,
				1F4B64D61E9E02B80078D738 /* Release */,
			);
			defaultConfigurationIsVisible = 0;
			defaultConfigurationName = Release;
		};
		1F4B64D71E9E02B80078D738 /* Build configuration list for PBXNativeTarget "testToSpeech" */ = {
			isa = XCConfigurationList;
			buildConfigurations = (
				1F4B64D81E9E02B80078D738 /* Debug */,
				1F4B64D91E9E02B80078D738 /* Release */,
			);
			defaultConfigurationIsVisible = 0;
			defaultConfigurationName = Release;
		};
		1F4B64DA1E9E02B80078D738 /* Build configuration list for PBXNativeTarget "testToSpeechTests" */ = {
			isa = XCConfigurationList;
			buildConfigurations = (
				1F4B64DB1E9E02B80078D738 /* Debug */,
				1F4B64DC1E9E02B80078D738 /* Release */,
			);
			defaultConfigurationIsVisible = 0;
			defaultConfigurationName = Release;
		};
		1F4B64DD1E9E02B80078D738 /* Build configuration list for PBXNativeTarget "testToSpeechUITests" */ = {
			isa = XCConfigurationList;
			buildConfigurations = (
				1F4B64DE1E9E02B80078D738 /* Debug */,
				1F4B64DF1E9E02B80078D738 /* Release */,
			);
			defaultConfigurationIsVisible = 0;
			defaultConfigurationName = Release;
		};
/* End XCConfigurationList section */
	};
	rootObject = 1F4B64A21E9E02B70078D738 /* Project object */;
}
